# This file is automatically @generated by Poetry 2.1.3 and should not be changed by hand.

[[package]]
name = "argsense"
version = "1.1.0"
description = "New command line interface based on Rich library."
optional = false
python-versions = ">=3.8"
groups = ["main"]
files = [
    {file = "argsense-1.1.0-py3-none-any.whl", hash = "sha256:227768813b5bcbbe06e2702b2b1184b29b2703bd80d5ae4a8cc06aa39037c3aa"},
]

[package.dependencies]
lk-logger = ">=6.0.6,<7.0.0"
rich = ">=13.9.0"

[package.extras]
gui = ["pysimplegui"]

[package.source]
type = "legacy"
url = "https://pypi.tuna.tsinghua.edu.cn/simple"
reference = "tsinghua"

[[package]]
name = "cython"
version = "3.1.2"
description = "The Cython compiler for writing C extensions in the Python language."
optional = false
python-versions = ">=3.8"
groups = ["main"]
files = [
    {file = "cython-3.1.2-cp310-cp310-macosx_10_9_x86_64.whl", hash = "sha256:0f2add8b23cb19da3f546a688cd8f9e0bfc2776715ebf5e283bc3113b03ff008"},
    {file = "cython-3.1.2-cp310-cp310-macosx_11_0_arm64.whl", hash = "sha256:0d6248a2ae155ca4c42d7fa6a9a05154d62e695d7736bc17e1b85da6dcc361df"},
    {file = "cython-3.1.2-cp310-cp310-manylinux_2_17_aarch64.manylinux2014_aarch64.whl", hash = "sha256:262bf49d9da64e2a34c86cbf8de4aa37daffb0f602396f116cca1ed47dc4b9f2"},
    {file = "cython-3.1.2-cp310-cp310-manylinux_2_17_x86_64.manylinux2014_x86_64.whl", hash = "sha256:ae53ae93c699d5f113953a9869df2fc269d8e173f9aa0616c6d8d6e12b4e9827"},
    {file = "cython-3.1.2-cp310-cp310-manylinux_2_5_i686.manylinux1_i686.manylinux_2_17_i686.manylinux2014_i686.whl", hash = "sha256:b417c5d046ce676ee595ec7955ed47a68ad6f419cbf8c2a8708e55a3b38dfa35"},
    {file = "cython-3.1.2-cp310-cp310-musllinux_1_2_aarch64.whl", hash = "sha256:af127da4b956e0e906e552fad838dc3fb6b6384164070ceebb0d90982a8ae25a"},
    {file = "cython-3.1.2-cp310-cp310-musllinux_1_2_i686.whl", hash = "sha256:9be3d4954b46fd0f2dceac011d470f658eaf819132db52fbd1cf226ee60348db"},
    {file = "cython-3.1.2-cp310-cp310-musllinux_1_2_x86_64.whl", hash = "sha256:63da49672c4bb022b4de9d37bab6c29953dbf5a31a2f40dffd0cf0915dcd7a17"},
    {file = "cython-3.1.2-cp310-cp310-win32.whl", hash = "sha256:2d8291dbbc1cb86b8d60c86fe9cbf99ec72de28cb157cbe869c95df4d32efa96"},
    {file = "cython-3.1.2-cp310-cp310-win_amd64.whl", hash = "sha256:e1f30a1339e03c80968a371ef76bf27a6648c5646cccd14a97e731b6957db97a"},
    {file = "cython-3.1.2-cp311-cp311-macosx_10_9_x86_64.whl", hash = "sha256:5548573e0912d7dc80579827493315384c462e2f15797b91a8ed177686d31eb9"},
    {file = "cython-3.1.2-cp311-cp311-macosx_11_0_arm64.whl", hash = "sha256:4bf3ea5bc50d80762c490f42846820a868a6406fdb5878ae9e4cc2f11b50228a"},
    {file = "cython-3.1.2-cp311-cp311-manylinux_2_17_aarch64.manylinux2014_aarch64.whl", hash = "sha256:20ce53951d06ab2bca39f153d9c5add1d631c2a44d58bf67288c9d631be9724e"},
    {file = "cython-3.1.2-cp311-cp311-manylinux_2_17_x86_64.manylinux2014_x86_64.whl", hash = "sha256:e05a36224e3002d48c7c1c695b3771343bd16bc57eab60d6c5d5e08f3cbbafd8"},
    {file = "cython-3.1.2-cp311-cp311-manylinux_2_5_i686.manylinux1_i686.manylinux_2_17_i686.manylinux2014_i686.whl", hash = "sha256:dbc0fc0777c7ab82297c01c61a1161093a22a41714f62e8c35188a309bd5db8e"},
    {file = "cython-3.1.2-cp311-cp311-musllinux_1_2_aarch64.whl", hash = "sha256:18161ef3dd0e90a944daa2be468dd27696712a5f792d6289e97d2a31298ad688"},
    {file = "cython-3.1.2-cp311-cp311-musllinux_1_2_i686.whl", hash = "sha256:ca45020950cd52d82189d6dfb6225737586be6fe7b0b9d3fadd7daca62eff531"},
    {file = "cython-3.1.2-cp311-cp311-musllinux_1_2_x86_64.whl", hash = "sha256:aaae97d6d07610224be2b73a93e9e3dd85c09aedfd8e47054e3ef5a863387dae"},
    {file = "cython-3.1.2-cp311-cp311-win32.whl", hash = "sha256:3d439d9b19e7e70f6ff745602906d282a853dd5219d8e7abbf355de680c9d120"},
    {file = "cython-3.1.2-cp311-cp311-win_amd64.whl", hash = "sha256:8efa44ee2f1876e40eb5e45f6513a19758077c56bf140623ccab43d31f873b61"},
    {file = "cython-3.1.2-cp312-cp312-macosx_10_13_x86_64.whl", hash = "sha256:9c2c4b6f9a941c857b40168b3f3c81d514e509d985c2dcd12e1a4fea9734192e"},
    {file = "cython-3.1.2-cp312-cp312-macosx_11_0_arm64.whl", hash = "sha256:bdbc115bbe1b8c1dcbcd1b03748ea87fa967eb8dfc3a1a9bb243d4a382efcff4"},
    {file = "cython-3.1.2-cp312-cp312-manylinux_2_17_aarch64.manylinux2014_aarch64.whl", hash = "sha256:c05111f89db1ca98edc0675cfaa62be47b3ff519a29876eb095532a9f9e052b8"},
    {file = "cython-3.1.2-cp312-cp312-manylinux_2_17_x86_64.manylinux2014_x86_64.whl", hash = "sha256:f6e7188df8709be32cfdfadc7c3782e361c929df9132f95e1bbc90a340dca3c7"},
    {file = "cython-3.1.2-cp312-cp312-manylinux_2_5_i686.manylinux1_i686.manylinux_2_17_i686.manylinux2014_i686.whl", hash = "sha256:1c0ecc71e60a051732c2607b8eb8f2a03a5dac09b28e52b8af323c329db9987b"},
    {file = "cython-3.1.2-cp312-cp312-musllinux_1_2_aarch64.whl", hash = "sha256:f27143cf88835c8bcc9bf3304953f23f377d1d991e8942982fe7be344c7cfce3"},
    {file = "cython-3.1.2-cp312-cp312-musllinux_1_2_i686.whl", hash = "sha256:d8c43566701133f53bf13485839d8f3f309095fe0d3b9d0cd5873073394d2edc"},
    {file = "cython-3.1.2-cp312-cp312-musllinux_1_2_x86_64.whl", hash = "sha256:a3bb893e85f027a929c1764bb14db4c31cbdf8a96f59a78f608f2ba7cfbbce95"},
    {file = "cython-3.1.2-cp312-cp312-win32.whl", hash = "sha256:12c5902f105e43ca9af7874cdf87a23627f98c15d5a4f6d38bc9d334845145c0"},
    {file = "cython-3.1.2-cp312-cp312-win_amd64.whl", hash = "sha256:06789eb7bd2e55b38b9dd349e9309f794aee0fed99c26ea5c9562d463877763f"},
    {file = "cython-3.1.2-cp313-cp313-macosx_10_13_x86_64.whl", hash = "sha256:cc22e5f18af436c894b90c257130346930fdc860d7f42b924548c591672beeef"},
    {file = "cython-3.1.2-cp313-cp313-macosx_11_0_arm64.whl", hash = "sha256:42c7bffb0fe9898996c7eef9eb74ce3654553c7a3a3f3da66e5a49f801904ce0"},
    {file = "cython-3.1.2-cp313-cp313-manylinux_2_17_aarch64.manylinux2014_aarch64.whl", hash = "sha256:88dc7fd54bfae78c366c6106a759f389000ea4dfe8ed9568af9d2f612825a164"},
    {file = "cython-3.1.2-cp313-cp313-manylinux_2_17_x86_64.manylinux2014_x86_64.whl", hash = "sha256:80d0ce057672ca50728153757d022842d5dcec536b50c79615a22dda2a874ea0"},
    {file = "cython-3.1.2-cp313-cp313-manylinux_2_5_i686.manylinux1_i686.manylinux_2_17_i686.manylinux2014_i686.whl", hash = "sha256:eda6a43f1b78eae0d841698916eef661d15f8bc8439c266a964ea4c504f05612"},
    {file = "cython-3.1.2-cp313-cp313-musllinux_1_2_aarch64.whl", hash = "sha256:b4c516d103e87c2e9c1ab85227e4d91c7484c1ba29e25f8afbf67bae93fee164"},
    {file = "cython-3.1.2-cp313-cp313-musllinux_1_2_i686.whl", hash = "sha256:7542f1d18ab2cd22debc72974ec9e53437a20623d47d6001466e430538d7df54"},
    {file = "cython-3.1.2-cp313-cp313-musllinux_1_2_x86_64.whl", hash = "sha256:63335513c06dcec4ecdaa8598f36c969032149ffd92a461f641ee363dc83c7ad"},
    {file = "cython-3.1.2-cp313-cp313-win32.whl", hash = "sha256:b377d542299332bfeb61ec09c57821b10f1597304394ba76544f4d07780a16df"},
    {file = "cython-3.1.2-cp313-cp313-win_amd64.whl", hash = "sha256:8ab1319c77f15b0ae04b3fb03588df3afdec4cf79e90eeea5c961e0ebd8fdf72"},
    {file = "cython-3.1.2-cp38-cp38-macosx_10_9_x86_64.whl", hash = "sha256:dbc1f225cb9f9be7a025589463507e10bb2d76a3258f8d308e0e2d0b966c556e"},
    {file = "cython-3.1.2-cp38-cp38-macosx_11_0_arm64.whl", hash = "sha256:c1661c1701c96e1866f839e238570c96a97535a81da76a26f45f99ede18b3897"},
    {file = "cython-3.1.2-cp38-cp38-manylinux_2_17_aarch64.manylinux2014_aarch64.whl", hash = "sha256:955bc6032d89ce380458266e65dcf5ae0ed1e7c03a7a4457e3e4773e90ba7373"},
    {file = "cython-3.1.2-cp38-cp38-manylinux_2_17_x86_64.manylinux2014_x86_64.whl", hash = "sha256:0b58e859889dd0fc6c3a990445b930f692948b28328bb4f3ed84b51028b7e183"},
    {file = "cython-3.1.2-cp38-cp38-manylinux_2_5_i686.manylinux1_i686.manylinux_2_17_i686.manylinux2014_i686.whl", hash = "sha256:992a6504aa3eed50dd1fc3d1fa998928b08c1188130bd526e177b6d7f3383ec4"},
    {file = "cython-3.1.2-cp38-cp38-musllinux_1_2_aarch64.whl", hash = "sha256:f3d03077938b02ec47a56aa156da7bfc2379193738397d4e88086db5b0a374e0"},
    {file = "cython-3.1.2-cp38-cp38-musllinux_1_2_i686.whl", hash = "sha256:b7e1d3c383a5f4ca5319248b9cb1b16a04fb36e153d651e558897171b7dbabb9"},
    {file = "cython-3.1.2-cp38-cp38-musllinux_1_2_x86_64.whl", hash = "sha256:58d4d45e40cadf4f602d96b7016cf24ccfe4d954c61fa30b79813db8ccb7818f"},
    {file = "cython-3.1.2-cp38-cp38-win32.whl", hash = "sha256:919ff38a93f7c21829a519693b336979feb41a0f7ca35969402d7e211706100e"},
    {file = "cython-3.1.2-cp38-cp38-win_amd64.whl", hash = "sha256:aca994519645ba8fb5e99c0f9d4be28d61435775552aaf893a158c583cd218a5"},
    {file = "cython-3.1.2-cp39-cp39-macosx_10_9_x86_64.whl", hash = "sha256:fe7f1ee4c13f8a773bd6c66b3d25879f40596faeab49f97d28c39b16ace5fff9"},
    {file = "cython-3.1.2-cp39-cp39-macosx_11_0_arm64.whl", hash = "sha256:c9ec7d2baea122d94790624f743ff5b78f4e777bf969384be65b69d92fa4bc3f"},
    {file = "cython-3.1.2-cp39-cp39-manylinux_2_17_aarch64.manylinux2014_aarch64.whl", hash = "sha256:df57827185874f29240b02402e615547ab995d90182a852c6ec4f91bbae355a4"},
    {file = "cython-3.1.2-cp39-cp39-manylinux_2_17_x86_64.manylinux2014_x86_64.whl", hash = "sha256:3b1a69b9b4fe0a48a8271027c0703c71ab1993c4caca01791c0fd2e2bd9031aa"},
    {file = "cython-3.1.2-cp39-cp39-manylinux_2_5_i686.manylinux1_i686.manylinux_2_17_i686.manylinux2014_i686.whl", hash = "sha256:970cc1558519f0f108c3e2f4b3480de4945228d9292612d5b2bb687e36c646b8"},
    {file = "cython-3.1.2-cp39-cp39-musllinux_1_2_aarch64.whl", hash = "sha256:604c39cd6d152498a940aeae28b6fd44481a255a3fdf1b0051c30f3873c88b7f"},
    {file = "cython-3.1.2-cp39-cp39-musllinux_1_2_i686.whl", hash = "sha256:855f2ae06438c7405997cf0df42d5b508ec3248272bb39df4a7a4a82a5f7c8cb"},
    {file = "cython-3.1.2-cp39-cp39-musllinux_1_2_x86_64.whl", hash = "sha256:9e3016ca7a86728bfcbdd52449521e859a977451f296a7ae4967cefa2ec498f7"},
    {file = "cython-3.1.2-cp39-cp39-win32.whl", hash = "sha256:4896fc2b0f90820ea6fcf79a07e30822f84630a404d4e075784124262f6d0adf"},
    {file = "cython-3.1.2-cp39-cp39-win_amd64.whl", hash = "sha256:a965b81eb4f5a5f3f6760b162cb4de3907c71a9ba25d74de1ad7a0e4856f0412"},
    {file = "cython-3.1.2-py3-none-any.whl", hash = "sha256:d23fd7ffd7457205f08571a42b108a3cf993e83a59fe4d72b42e6fc592cf2639"},
    {file = "cython-3.1.2.tar.gz", hash = "sha256:6bbf7a953fa6762dfecdec015e3b054ba51c0121a45ad851fa130f63f5331381"},
]

[package.source]
type = "legacy"
url = "https://pypi.tuna.tsinghua.edu.cn/simple"
reference = "tsinghua"

[[package]]
name = "lk-logger"
version = "6.0.6"
description = "Python print with source map and varnames."
optional = false
python-versions = ">=3.8,<4.0"
groups = ["main"]
files = [
    {file = "lk_logger-6.0.6-py3-none-any.whl", hash = "sha256:b3ff112cd8acae488b02f3657ba573733c7871fab28846df29953513de25bae0"},
]

[package.dependencies]
rich = ">=13.8,<14.0"

[package.extras]
ext = ["svg-ultralight (>=0.34.0,<0.35.0) ; python_version >= \"3.9\" and python_version < \"4.0\""]

[package.source]
type = "legacy"
url = "https://pypi.tuna.tsinghua.edu.cn/simple"
reference = "tsinghua"

[[package]]
name = "lk-utils"
version = "3.2.1"
description = "LK Utils is a set of utility wrappers made for data processing."
optional = false
python-versions = ">=3.8"
groups = ["main"]
files = [
    {file = "lk_utils-3.2.1-py3-none-any.whl", hash = "sha256:a76968cc30f6806074970c3b105322f63045c40c8810256baa48cdcde838a47c"},
]

[package.dependencies]
argsense = ">=1.0.0,<2.0.0"
lk-logger = ">=6.0.6,<7.0.0"
psutil = ">=6.0.0"
pyyaml = ">=6.0.0,<7.0.0"
rich = ">=13.9.0,<14.0.0"
typing-extensions = ">=4.0.0,<5.0.0"

[package.extras]
all = ["ipython", "toml", "xlrd", "xlsxwriter"]
dbg = ["ipython"]
exl = ["xlrd", "xlsxwriter"]

[package.source]
type = "legacy"
url = "https://pypi.tuna.tsinghua.edu.cn/simple"
reference = "tsinghua"

[[package]]
name = "markdown-it-py"
version = "3.0.0"
description = "Python port of markdown-it. Markdown parsing, done right!"
optional = false
python-versions = ">=3.8"
groups = ["main"]
files = [
    {file = "markdown-it-py-3.0.0.tar.gz", hash = "sha256:e3f60a94fa066dc52ec76661e37c851cb232d92f9886b15cb560aaada2df8feb"},
    {file = "markdown_it_py-3.0.0-py3-none-any.whl", hash = "sha256:355216845c60bd96232cd8d8c40e8f9765cc86f46880e43a8fd22dc1a1a8cab1"},
]

[package.dependencies]
mdurl = ">=0.1,<1.0"

[package.extras]
benchmarking = ["psutil", "pytest", "pytest-benchmark"]
code-style = ["pre-commit (>=3.0,<4.0)"]
compare = ["commonmark (>=0.9,<1.0)", "markdown (>=3.4,<4.0)", "mistletoe (>=1.0,<2.0)", "mistune (>=2.0,<3.0)", "panflute (>=2.3,<3.0)"]
linkify = ["linkify-it-py (>=1,<3)"]
plugins = ["mdit-py-plugins"]
profiling = ["gprof2dot"]
rtd = ["jupyter_sphinx", "mdit-py-plugins", "myst-parser", "pyyaml", "sphinx", "sphinx-copybutton", "sphinx-design", "sphinx_book_theme"]
testing = ["coverage", "pytest", "pytest-cov", "pytest-regressions"]

[package.source]
type = "legacy"
url = "https://pypi.tuna.tsinghua.edu.cn/simple"
reference = "tsinghua"

[[package]]
name = "mdurl"
version = "0.1.2"
description = "Markdown URL utilities"
optional = false
python-versions = ">=3.7"
groups = ["main"]
files = [
    {file = "mdurl-0.1.2-py3-none-any.whl", hash = "sha256:84008a41e51615a49fc9966191ff91509e3c40b939176e643fd50a5c2196b8f8"},
    {file = "mdurl-0.1.2.tar.gz", hash = "sha256:bb413d29f5eea38f31dd4754dd7377d4465116fb207585f97bf925588687c1ba"},
]

[package.source]
type = "legacy"
url = "https://pypi.tuna.tsinghua.edu.cn/simple"
reference = "tsinghua"

[[package]]
name = "psutil"
version = "7.0.0"
description = "Cross-platform lib for process and system monitoring in Python.  NOTE: the syntax of this script MUST be kept compatible with Python 2.7."
optional = false
python-versions = ">=3.6"
groups = ["main"]
files = [
    {file = "psutil-7.0.0-cp36-abi3-macosx_10_9_x86_64.whl", hash = "sha256:101d71dc322e3cffd7cea0650b09b3d08b8e7c4109dd6809fe452dfd00e58b25"},
    {file = "psutil-7.0.0-cp36-abi3-macosx_11_0_arm64.whl", hash = "sha256:39db632f6bb862eeccf56660871433e111b6ea58f2caea825571951d4b6aa3da"},
    {file = "psutil-7.0.0-cp36-abi3-manylinux_2_12_i686.manylinux2010_i686.manylinux_2_17_i686.manylinux2014_i686.whl", hash = "sha256:1fcee592b4c6f146991ca55919ea3d1f8926497a713ed7faaf8225e174581e91"},
    {file = "psutil-7.0.0-cp36-abi3-manylinux_2_12_x86_64.manylinux2010_x86_64.manylinux_2_17_x86_64.manylinux2014_x86_64.whl", hash = "sha256:4b1388a4f6875d7e2aff5c4ca1cc16c545ed41dd8bb596cefea80111db353a34"},
    {file = "psutil-7.0.0-cp36-abi3-manylinux_2_17_aarch64.manylinux2014_aarch64.whl", hash = "sha256:a5f098451abc2828f7dc6b58d44b532b22f2088f4999a937557b603ce72b1993"},
    {file = "psutil-7.0.0-cp36-cp36m-win32.whl", hash = "sha256:84df4eb63e16849689f76b1ffcb36db7b8de703d1bc1fe41773db487621b6c17"},
    {file = "psutil-7.0.0-cp36-cp36m-win_amd64.whl", hash = "sha256:1e744154a6580bc968a0195fd25e80432d3afec619daf145b9e5ba16cc1d688e"},
    {file = "psutil-7.0.0-cp37-abi3-win32.whl", hash = "sha256:ba3fcef7523064a6c9da440fc4d6bd07da93ac726b5733c29027d7dc95b39d99"},
    {file = "psutil-7.0.0-cp37-abi3-win_amd64.whl", hash = "sha256:4cf3d4eb1aa9b348dec30105c55cd9b7d4629285735a102beb4441e38db90553"},
    {file = "psutil-7.0.0.tar.gz", hash = "sha256:7be9c3eba38beccb6495ea33afd982a44074b78f28c434a1f51cc07fd315c456"},
]

[package.extras]
dev = ["abi3audit", "black (==24.10.0)", "check-manifest", "coverage", "packaging", "pylint", "pyperf", "pypinfo", "pytest", "pytest-cov", "pytest-xdist", "requests", "rstcheck", "ruff", "setuptools", "sphinx", "sphinx-rtd-theme", "toml-sort", "twine", "virtualenv", "vulture", "wheel"]
test = ["pytest", "pytest-xdist", "setuptools"]

[package.source]
type = "legacy"
url = "https://pypi.tuna.tsinghua.edu.cn/simple"
reference = "tsinghua"

[[package]]
name = "pygments"
version = "2.19.2"
description = "Pygments is a syntax highlighting package written in Python."
optional = false
python-versions = ">=3.8"
groups = ["main"]
files = [
    {file = "pygments-2.19.2-py3-none-any.whl", hash = "sha256:86540386c03d588bb81d44bc3928634ff26449851e99741617ecb9037ee5ec0b"},
    {file = "pygments-2.19.2.tar.gz", hash = "sha256:636cb2477cec7f8952536970bc533bc43743542f70392ae026374600add5b887"},
]

[package.extras]
windows-terminal = ["colorama (>=0.4.6)"]

[package.source]
type = "legacy"
url = "https://pypi.tuna.tsinghua.edu.cn/simple"
reference = "tsinghua"

[[package]]
name = "pyyaml"
version = "6.0.2"
description = "YAML parser and emitter for Python"
optional = false
python-versions = ">=3.8"
groups = ["main"]
files = [
    {file = "PyYAML-6.0.2-cp310-cp310-macosx_10_9_x86_64.whl", hash = "sha256:0a9a2848a5b7feac301353437eb7d5957887edbf81d56e903999a75a3d743086"},
    {file = "PyYAML-6.0.2-cp310-cp310-macosx_11_0_arm64.whl", hash = "sha256:29717114e51c84ddfba879543fb232a6ed60086602313ca38cce623c1d62cfbf"},
    {file = "PyYAML-6.0.2-cp310-cp310-manylinux_2_17_aarch64.manylinux2014_aarch64.whl", hash = "sha256:8824b5a04a04a047e72eea5cec3bc266db09e35de6bdfe34c9436ac5ee27d237"},
    {file = "PyYAML-6.0.2-cp310-cp310-manylinux_2_17_s390x.manylinux2014_s390x.whl", hash = "sha256:7c36280e6fb8385e520936c3cb3b8042851904eba0e58d277dca80a5cfed590b"},
    {file = "PyYAML-6.0.2-cp310-cp310-manylinux_2_17_x86_64.manylinux2014_x86_64.whl", hash = "sha256:ec031d5d2feb36d1d1a24380e4db6d43695f3748343d99434e6f5f9156aaa2ed"},
    {file = "PyYAML-6.0.2-cp310-cp310-musllinux_1_1_aarch64.whl", hash = "sha256:936d68689298c36b53b29f23c6dbb74de12b4ac12ca6cfe0e047bedceea56180"},
    {file = "PyYAML-6.0.2-cp310-cp310-musllinux_1_1_x86_64.whl", hash = "sha256:23502f431948090f597378482b4812b0caae32c22213aecf3b55325e049a6c68"},
    {file = "PyYAML-6.0.2-cp310-cp310-win32.whl", hash = "sha256:2e99c6826ffa974fe6e27cdb5ed0021786b03fc98e5ee3c5bfe1fd5015f42b99"},
    {file = "PyYAML-6.0.2-cp310-cp310-win_amd64.whl", hash = "sha256:a4d3091415f010369ae4ed1fc6b79def9416358877534caf6a0fdd2146c87a3e"},
    {file = "PyYAML-6.0.2-cp311-cp311-macosx_10_9_x86_64.whl", hash = "sha256:cc1c1159b3d456576af7a3e4d1ba7e6924cb39de8f67111c735f6fc832082774"},
    {file = "PyYAML-6.0.2-cp311-cp311-macosx_11_0_arm64.whl", hash = "sha256:1e2120ef853f59c7419231f3bf4e7021f1b936f6ebd222406c3b60212205d2ee"},
    {file = "PyYAML-6.0.2-cp311-cp311-manylinux_2_17_aarch64.manylinux2014_aarch64.whl", hash = "sha256:5d225db5a45f21e78dd9358e58a98702a0302f2659a3c6cd320564b75b86f47c"},
    {file = "PyYAML-6.0.2-cp311-cp311-manylinux_2_17_s390x.manylinux2014_s390x.whl", hash = "sha256:5ac9328ec4831237bec75defaf839f7d4564be1e6b25ac710bd1a96321cc8317"},
    {file = "PyYAML-6.0.2-cp311-cp311-manylinux_2_17_x86_64.manylinux2014_x86_64.whl", hash = "sha256:3ad2a3decf9aaba3d29c8f537ac4b243e36bef957511b4766cb0057d32b0be85"},
    {file = "PyYAML-6.0.2-cp311-cp311-musllinux_1_1_aarch64.whl", hash = "sha256:ff3824dc5261f50c9b0dfb3be22b4567a6f938ccce4587b38952d85fd9e9afe4"},
    {file = "PyYAML-6.0.2-cp311-cp311-musllinux_1_1_x86_64.whl", hash = "sha256:797b4f722ffa07cc8d62053e4cff1486fa6dc094105d13fea7b1de7d8bf71c9e"},
    {file = "PyYAML-6.0.2-cp311-cp311-win32.whl", hash = "sha256:11d8f3dd2b9c1207dcaf2ee0bbbfd5991f571186ec9cc78427ba5bd32afae4b5"},
    {file = "PyYAML-6.0.2-cp311-cp311-win_amd64.whl", hash = "sha256:e10ce637b18caea04431ce14fabcf5c64a1c61ec9c56b071a4b7ca131ca52d44"},
    {file = "PyYAML-6.0.2-cp312-cp312-macosx_10_9_x86_64.whl", hash = "sha256:c70c95198c015b85feafc136515252a261a84561b7b1d51e3384e0655ddf25ab"},
    {file = "PyYAML-6.0.2-cp312-cp312-macosx_11_0_arm64.whl", hash = "sha256:ce826d6ef20b1bc864f0a68340c8b3287705cae2f8b4b1d932177dcc76721725"},
    {file = "PyYAML-6.0.2-cp312-cp312-manylinux_2_17_aarch64.manylinux2014_aarch64.whl", hash = "sha256:1f71ea527786de97d1a0cc0eacd1defc0985dcf6b3f17bb77dcfc8c34bec4dc5"},
    {file = "PyYAML-6.0.2-cp312-cp312-manylinux_2_17_s390x.manylinux2014_s390x.whl", hash = "sha256:9b22676e8097e9e22e36d6b7bda33190d0d400f345f23d4065d48f4ca7ae0425"},
    {file = "PyYAML-6.0.2-cp312-cp312-manylinux_2_17_x86_64.manylinux2014_x86_64.whl", hash = "sha256:80bab7bfc629882493af4aa31a4cfa43a4c57c83813253626916b8c7ada83476"},
    {file = "PyYAML-6.0.2-cp312-cp312-musllinux_1_1_aarch64.whl", hash = "sha256:0833f8694549e586547b576dcfaba4a6b55b9e96098b36cdc7ebefe667dfed48"},
    {file = "PyYAML-6.0.2-cp312-cp312-musllinux_1_1_x86_64.whl", hash = "sha256:8b9c7197f7cb2738065c481a0461e50ad02f18c78cd75775628afb4d7137fb3b"},
    {file = "PyYAML-6.0.2-cp312-cp312-win32.whl", hash = "sha256:ef6107725bd54b262d6dedcc2af448a266975032bc85ef0172c5f059da6325b4"},
    {file = "PyYAML-6.0.2-cp312-cp312-win_amd64.whl", hash = "sha256:7e7401d0de89a9a855c839bc697c079a4af81cf878373abd7dc625847d25cbd8"},
    {file = "PyYAML-6.0.2-cp313-cp313-macosx_10_13_x86_64.whl", hash = "sha256:efdca5630322a10774e8e98e1af481aad470dd62c3170801852d752aa7a783ba"},
    {file = "PyYAML-6.0.2-cp313-cp313-macosx_11_0_arm64.whl", hash = "sha256:50187695423ffe49e2deacb8cd10510bc361faac997de9efef88badc3bb9e2d1"},
    {file = "PyYAML-6.0.2-cp313-cp313-manylinux_2_17_aarch64.manylinux2014_aarch64.whl", hash = "sha256:0ffe8360bab4910ef1b9e87fb812d8bc0a308b0d0eef8c8f44e0254ab3b07133"},
    {file = "PyYAML-6.0.2-cp313-cp313-manylinux_2_17_s390x.manylinux2014_s390x.whl", hash = "sha256:17e311b6c678207928d649faa7cb0d7b4c26a0ba73d41e99c4fff6b6c3276484"},
    {file = "PyYAML-6.0.2-cp313-cp313-manylinux_2_17_x86_64.manylinux2014_x86_64.whl", hash = "sha256:70b189594dbe54f75ab3a1acec5f1e3faa7e8cf2f1e08d9b561cb41b845f69d5"},
    {file = "PyYAML-6.0.2-cp313-cp313-musllinux_1_1_aarch64.whl", hash = "sha256:41e4e3953a79407c794916fa277a82531dd93aad34e29c2a514c2c0c5fe971cc"},
    {file = "PyYAML-6.0.2-cp313-cp313-musllinux_1_1_x86_64.whl", hash = "sha256:68ccc6023a3400877818152ad9a1033e3db8625d899c72eacb5a668902e4d652"},
    {file = "PyYAML-6.0.2-cp313-cp313-win32.whl", hash = "sha256:bc2fa7c6b47d6bc618dd7fb02ef6fdedb1090ec036abab80d4681424b84c1183"},
    {file = "PyYAML-6.0.2-cp313-cp313-win_amd64.whl", hash = "sha256:8388ee1976c416731879ac16da0aff3f63b286ffdd57cdeb95f3f2e085687563"},
    {file = "PyYAML-6.0.2-cp38-cp38-macosx_10_9_x86_64.whl", hash = "sha256:24471b829b3bf607e04e88d79542a9d48bb037c2267d7927a874e6c205ca7e9a"},
    {file = "PyYAML-6.0.2-cp38-cp38-manylinux_2_17_aarch64.manylinux2014_aarch64.whl", hash = "sha256:d7fded462629cfa4b685c5416b949ebad6cec74af5e2d42905d41e257e0869f5"},
    {file = "PyYAML-6.0.2-cp38-cp38-manylinux_2_17_s390x.manylinux2014_s390x.whl", hash = "sha256:d84a1718ee396f54f3a086ea0a66d8e552b2ab2017ef8b420e92edbc841c352d"},
    {file = "PyYAML-6.0.2-cp38-cp38-manylinux_2_17_x86_64.manylinux2014_x86_64.whl", hash = "sha256:9056c1ecd25795207ad294bcf39f2db3d845767be0ea6e6a34d856f006006083"},
    {file = "PyYAML-6.0.2-cp38-cp38-musllinux_1_1_x86_64.whl", hash = "sha256:82d09873e40955485746739bcb8b4586983670466c23382c19cffecbf1fd8706"},
    {file = "PyYAML-6.0.2-cp38-cp38-win32.whl", hash = "sha256:43fa96a3ca0d6b1812e01ced1044a003533c47f6ee8aca31724f78e93ccc089a"},
    {file = "PyYAML-6.0.2-cp38-cp38-win_amd64.whl", hash = "sha256:01179a4a8559ab5de078078f37e5c1a30d76bb88519906844fd7bdea1b7729ff"},
    {file = "PyYAML-6.0.2-cp39-cp39-macosx_10_9_x86_64.whl", hash = "sha256:688ba32a1cffef67fd2e9398a2efebaea461578b0923624778664cc1c914db5d"},
    {file = "PyYAML-6.0.2-cp39-cp39-macosx_11_0_arm64.whl", hash = "sha256:a8786accb172bd8afb8be14490a16625cbc387036876ab6ba70912730faf8e1f"},
    {file = "PyYAML-6.0.2-cp39-cp39-manylinux_2_17_aarch64.manylinux2014_aarch64.whl", hash = "sha256:d8e03406cac8513435335dbab54c0d385e4a49e4945d2909a581c83647ca0290"},
    {file = "PyYAML-6.0.2-cp39-cp39-manylinux_2_17_s390x.manylinux2014_s390x.whl", hash = "sha256:f753120cb8181e736c57ef7636e83f31b9c0d1722c516f7e86cf15b7aa57ff12"},
    {file = "PyYAML-6.0.2-cp39-cp39-manylinux_2_17_x86_64.manylinux2014_x86_64.whl", hash = "sha256:3b1fdb9dc17f5a7677423d508ab4f243a726dea51fa5e70992e59a7411c89d19"},
    {file = "PyYAML-6.0.2-cp39-cp39-musllinux_1_1_aarch64.whl", hash = "sha256:0b69e4ce7a131fe56b7e4d770c67429700908fc0752af059838b1cfb41960e4e"},
    {file = "PyYAML-6.0.2-cp39-cp39-musllinux_1_1_x86_64.whl", hash = "sha256:a9f8c2e67970f13b16084e04f134610fd1d374bf477b17ec1599185cf611d725"},
    {file = "PyYAML-6.0.2-cp39-cp39-win32.whl", hash = "sha256:6395c297d42274772abc367baaa79683958044e5d3835486c16da75d2a694631"},
    {file = "PyYAML-6.0.2-cp39-cp39-win_amd64.whl", hash = "sha256:39693e1f8320ae4f43943590b49779ffb98acb81f788220ea932a6b6c51004d8"},
    {file = "pyyaml-6.0.2.tar.gz", hash = "sha256:d584d9ec91ad65861cc08d42e834324ef890a082e591037abe114850ff7bbc3e"},
]

[package.source]
type = "legacy"
url = "https://pypi.tuna.tsinghua.edu.cn/simple"
reference = "tsinghua"

[[package]]
name = "rich"
version = "13.9.4"
description = "Render rich text, tables, progress bars, syntax highlighting, markdown and more to the terminal"
optional = false
python-versions = ">=3.8.0"
groups = ["main"]
files = [
    {file = "rich-13.9.4-py3-none-any.whl", hash = "sha256:6049d5e6ec054bf2779ab3358186963bac2ea89175919d699e378b99738c2a90"},
    {file = "rich-13.9.4.tar.gz", hash = "sha256:439594978a49a09530cff7ebc4b5c7103ef57baf48d5ea3184f21d9a2befa098"},
]

[package.dependencies]
markdown-it-py = ">=2.2.0"
pygments = ">=2.13.0,<3.0.0"
typing-extensions = {version = ">=4.0.0,<5.0", markers = "python_version < \"3.11\""}

[package.extras]
jupyter = ["ipywidgets (>=7.5.1,<9)"]

[package.source]
type = "legacy"
url = "https://pypi.tuna.tsinghua.edu.cn/simple"
reference = "tsinghua"

[[package]]
name = "setuptools"
version = "75.3.2"
description = "Easily download, build, install, upgrade, and uninstall Python packages"
optional = false
python-versions = ">=3.8"
groups = ["main"]
files = [
    {file = "setuptools-75.3.2-py3-none-any.whl", hash = "sha256:90ab613b6583fc02d5369cbca13ea26ea0e182d1df2d943ee9cbe81d4c61add9"},
    {file = "setuptools-75.3.2.tar.gz", hash = "sha256:3c1383e1038b68556a382c1e8ded8887cd20141b0eb5708a6c8d277de49364f5"},
]

[package.extras]
check = ["pytest-checkdocs (>=2.4)", "pytest-ruff (>=0.2.1) ; sys_platform != \"cygwin\"", "ruff (>=0.5.2) ; sys_platform != \"cygwin\""]
core = ["importlib-metadata (>=6) ; python_version < \"3.10\"", "importlib-resources (>=5.10.2) ; python_version < \"3.9\"", "jaraco.collections", "jaraco.functools", "jaraco.text (>=3.7)", "more-itertools", "more-itertools (>=8.8)", "packaging", "packaging (>=24)", "platformdirs (>=4.2.2)", "tomli (>=2.0.1) ; python_version < \"3.11\"", "wheel (>=0.43.0)"]
cover = ["pytest-cov"]
doc = ["furo", "jaraco.packaging (>=9.3)", "jaraco.tidelift (>=1.4)", "pygments-github-lexers (==0.0.5)", "pyproject-hooks (!=1.1)", "rst.linker (>=1.9)", "sphinx (>=3.5)", "sphinx-favicon", "sphinx-inline-tabs", "sphinx-lint", "sphinx-notfound-page (>=1,<2)", "sphinx-reredirects", "sphinxcontrib-towncrier", "towncrier (<24.7)"]
enabler = ["pytest-enabler (>=2.2)"]
test = ["build[virtualenv] (>=1.0.3)", "filelock (>=3.4.0)", "ini2toml[lite] (>=0.14)", "jaraco.develop (>=7.21) ; python_version >= \"3.9\" and sys_platform != \"cygwin\"", "jaraco.envs (>=2.2)", "jaraco.path (>=3.2.0)", "jaraco.test (>=5.5)", "packaging (>=23.2)", "pip (>=19.1)", "pyproject-hooks (!=1.1)", "pytest (>=6,!=8.1.*)", "pytest-home (>=0.5)", "pytest-perf ; sys_platform != \"cygwin\"", "pytest-subprocess", "pytest-timeout", "pytest-xdist (>=3)", "ruff (<=0.7.1)", "tomli-w (>=1.0.0)", "virtualenv (>=13.0.0)", "wheel (>=0.44.0)"]
type = ["importlib-metadata (>=7.0.2) ; python_version < \"3.10\"", "jaraco.develop (>=7.21) ; sys_platform != \"cygwin\"", "mypy (==1.12.*)", "pytest-mypy"]

[package.source]
type = "legacy"
url = "https://pypi.tuna.tsinghua.edu.cn/simple"
reference = "tsinghua"

[[package]]
name = "typing-extensions"
version = "4.13.2"
description = "Backported and Experimental Type Hints for Python 3.8+"
optional = false
python-versions = ">=3.8"
groups = ["main"]
files = [
    {file = "typing_extensions-4.13.2-py3-none-any.whl", hash = "sha256:a439e7c04b49fec3e5d3e2beaa21755cadbbdc391694e28ccdd36ca4a1408f8c"},
    {file = "typing_extensions-4.13.2.tar.gz", hash = "sha256:e6c81219bd689f51865d9e372991c540bda33a0379d5573cddb9a3a23f7caaef"},
]

[package.source]
type = "legacy"
url = "https://pypi.tuna.tsinghua.edu.cn/simple"
reference = "tsinghua"

[metadata]
lock-version = "2.1"
python-versions = "^3.8"
content-hash = "2f55bb427a07609d8205092436a031d7c8b4407796f081eb27efba4549fc64cb"
